
Microsoft Visual Studio Solution File, Format Version 12.00
# Visual Studio Version 17
VisualStudioVersion = 17.8.34408.163
MinimumVisualStudioVersion = 10.0.40219.1
Project("{FAE04EC0-301F-11D3-BF4B-00C04F79EFBC}") = "2212447_NguyenNgocTueQuang_Lab05_WF", "2212447_NguyenNgocTueQuang_Lab05_WF.csproj", "{B7E63109-7BE6-4A81-9615-B08569638225}"
EndProject
Project("{FAE04EC0-301F-11D3-BF4B-00C04F79EFBC}") = "DuPhong", "..\DuPhong\DuPhong.csproj", "{9DFE2590-7DF5-47B4-9D01-821347DEC6E6}"
EndProject
Global
	GlobalSection(SolutionConfigurationPlatforms) = preSolution
		Debug|Any CPU = Debug|Any CPU
		Release|Any CPU = Release|Any CPU
	EndGlobalSection
	GlobalSection(ProjectConfigurationPlatforms) = postSolution
		{B7E63109-7BE6-4A81-9615-B08569638225}.Debug|Any CPU.ActiveCfg = Debug|Any CPU
		{B7E63109-7BE6-4A81-9615-B08569638225}.Debug|Any CPU.Build.0 = Debug|Any CPU
		{B7E63109-7BE6-4A81-9615-B08569638225}.Release|Any CPU.ActiveCfg = Release|Any CPU
		{B7E63109-7BE6-4A81-9615-B08569638225}.Release|Any CPU.Build.0 = Release|Any CPU
		{9DFE2590-7DF5-47B4-9D01-821347DEC6E6}.Debug|Any CPU.ActiveCfg = Debug|Any CPU
		{9DFE2590-7DF5-47B4-9D01-821347DEC6E6}.Debug|Any CPU.Build.0 = Debug|Any CPU
		{9DFE2590-7DF5-47B4-9D01-821347DEC6E6}.Release|Any CPU.ActiveCfg = Release|Any CPU
		{9DFE2590-7DF5-47B4-9D01-821347DEC6E6}.Release|Any CPU.Build.0 = Release|Any CPU
	EndGlobalSection
	GlobalSection(SolutionProperties) = preSolution
		HideSolutionNode = FALSE
	EndGlobalSection
	GlobalSection(ExtensibilityGlobals) = postSolution
		SolutionGuid = {D926AA43-E80B-4A70-B7A0-07C22CC95547}
	EndGlobalSection
EndGlobal
